// !$*UTF8*$!
{
	archiveVersion = 1;
	classes = {
	};
	objectVersion = 50;
	objects = {

/* Begin PBXBuildFile section */
		B49910A821DEE9EA00C9AB8E /* AppDelegate.swift in Sources */ = {isa = PBXBuildFile; fileRef = B49910A721DEE9EA00C9AB8E /* AppDelegate.swift */; };
		B49910AA21DEE9EA00C9AB8E /* FirstViewController.swift in Sources */ = {isa = PBXBuildFile; fileRef = B49910A921DEE9EA00C9AB8E /* FirstViewController.swift */; };
		B49910AC21DEE9EA00C9AB8E /* SecondViewController.swift in Sources */ = {isa = PBXBuildFile; fileRef = B49910AB21DEE9EA00C9AB8E /* SecondViewController.swift */; };
		B49910AF21DEE9EA00C9AB8E /* Main.storyboard in Resources */ = {isa = PBXBuildFile; fileRef = B49910AD21DEE9EA00C9AB8E /* Main.storyboard */; };
		B49910B121DEE9EB00C9AB8E /* Assets.xcassets in Resources */ = {isa = PBXBuildFile; fileRef = B49910B021DEE9EB00C9AB8E /* Assets.xcassets */; };
		B49910B421DEE9EB00C9AB8E /* LaunchScreen.storyboard in Resources */ = {isa = PBXBuildFile; fileRef = B49910B221DEE9EB00C9AB8E /* LaunchScreen.storyboard */; };
		B49910BF21DEE9EB00C9AB8E /* Coffee_helperTests.swift in Sources */ = {isa = PBXBuildFile; fileRef = B49910BE21DEE9EB00C9AB8E /* Coffee_helperTests.swift */; };
		B49910CA21DEE9EB00C9AB8E /* Coffee_helperUITests.swift in Sources */ = {isa = PBXBuildFile; fileRef = B49910C921DEE9EB00C9AB8E /* Coffee_helperUITests.swift */; };
		B49910DA21DEF72600C9AB8E /* ThirdViewController.swift in Sources */ = {isa = PBXBuildFile; fileRef = B49910D921DEF72600C9AB8E /* ThirdViewController.swift */; };
		B49910DC21DEF74300C9AB8E /* FourthViewController.swift in Sources */ = {isa = PBXBuildFile; fileRef = B49910DB21DEF74300C9AB8E /* FourthViewController.swift */; };
/* End PBXBuildFile section */

/* Begin PBXContainerItemProxy section */
		B49910BB21DEE9EB00C9AB8E /* PBXContainerItemProxy */ = {
			isa = PBXContainerItemProxy;
			containerPortal = B499109C21DEE9E900C9AB8E /* Project object */;
			proxyType = 1;
			remoteGlobalIDString = B49910A321DEE9EA00C9AB8E;
			remoteInfo = Coffee_helper;
		};
		B49910C621DEE9EB00C9AB8E /* PBXContainerItemProxy */ = {
			isa = PBXContainerItemProxy;
			containerPortal = B499109C21DEE9E900C9AB8E /* Project object */;
			proxyType = 1;
			remoteGlobalIDString = B49910A321DEE9EA00C9AB8E;
			remoteInfo = Coffee_helper;
		};
/* End PBXContainerItemProxy section */

/* Begin PBXFileReference section */
		B49910A421DEE9EA00C9AB8E /* Coffee_helper.app */ = {isa = PBXFileReference; explicitFileType = wrapper.application; includeInIndex = 0; path = Coffee_helper.app; sourceTree = BUILT_PRODUCTS_DIR; };
		B49910A721DEE9EA00C9AB8E /* AppDelegate.swift */ = {isa = PBXFileReference; lastKnownFileType = sourcecode.swift; path = AppDelegate.swift; sourceTree = "<group>"; };
		B49910A921DEE9EA00C9AB8E /* FirstViewController.swift */ = {isa = PBXFileReference; lastKnownFileType = sourcecode.swift; path = FirstViewController.swift; sourceTree = "<group>"; };
		B49910AB21DEE9EA00C9AB8E /* SecondViewController.swift */ = {isa = PBXFileReference; lastKnownFileType = sourcecode.swift; path = SecondViewController.swift; sourceTree = "<group>"; };
		B49910AE21DEE9EA00C9AB8E /* Base */ = {isa = PBXFileReference; lastKnownFileType = file.storyboard; name = Base; path = Base.lproj/Main.storyboard; sourceTree = "<group>"; };
		B49910B021DEE9EB00C9AB8E /* Assets.xcassets */ = {isa = PBXFileReference; lastKnownFileType = folder.assetcatalog; path = Assets.xcassets; sourceTree = "<group>"; };
		B49910B321DEE9EB00C9AB8E /* Base */ = {isa = PBXFileReference; lastKnownFileType = file.storyboard; name = Base; path = Base.lproj/LaunchScreen.storyboard; sourceTree = "<group>"; };
		B49910B521DEE9EB00C9AB8E /* Info.plist */ = {isa = PBXFileReference; lastKnownFileType = text.plist.xml; path = Info.plist; sourceTree = "<group>"; };
		B49910BA21DEE9EB00C9AB8E /* Coffee_helperTests.xctest */ = {isa = PBXFileReference; explicitFileType = wrapper.cfbundle; includeInIndex = 0; path = Coffee_helperTests.xctest; sourceTree = BUILT_PRODUCTS_DIR; };
		B49910BE21DEE9EB00C9AB8E /* Coffee_helperTests.swift */ = {isa = PBXFileReference; lastKnownFileType = sourcecode.swift; path = Coffee_helperTests.swift; sourceTree = "<group>"; };
		B49910C021DEE9EB00C9AB8E /* Info.plist */ = {isa = PBXFileReference; lastKnownFileType = text.plist.xml; path = Info.plist; sourceTree = "<group>"; };
		B49910C521DEE9EB00C9AB8E /* Coffee_helperUITests.xctest */ = {isa = PBXFileReference; explicitFileType = wrapper.cfbundle; includeInIndex = 0; path = Coffee_helperUITests.xctest; sourceTree = BUILT_PRODUCTS_DIR; };
		B49910C921DEE9EB00C9AB8E /* Coffee_helperUITests.swift */ = {isa = PBXFileReference; lastKnownFileType = sourcecode.swift; path = Coffee_helperUITests.swift; sourceTree = "<group>"; };
		B49910CB21DEE9EB00C9AB8E /* Info.plist */ = {isa = PBXFileReference; lastKnownFileType = text.plist.xml; path = Info.plist; sourceTree = "<group>"; };
		B49910D921DEF72600C9AB8E /* ThirdViewController.swift */ = {isa = PBXFileReference; lastKnownFileType = sourcecode.swift; path = ThirdViewController.swift; sourceTree = "<group>"; };
		B49910DB21DEF74300C9AB8E /* FourthViewController.swift */ = {isa = PBXFileReference; lastKnownFileType = sourcecode.swift; path = FourthViewController.swift; sourceTree = "<group>"; };
/* End PBXFileReference section */

/* Begin PBXFrameworksBuildPhase section */
		B49910A121DEE9EA00C9AB8E /* Frameworks */ = {
			isa = PBXFrameworksBuildPhase;
			buildActionMask = 2147483647;
			files = (
			);
			runOnlyForDeploymentPostprocessing = 0;
		};
		B49910B721DEE9EB00C9AB8E /* Frameworks */ = {
			isa = PBXFrameworksBuildPhase;
			buildActionMask = 2147483647;
			files = (
			);
			runOnlyForDeploymentPostprocessing = 0;
		};
		B49910C221DEE9EB00C9AB8E /* Frameworks */ = {
			isa = PBXFrameworksBuildPhase;
			buildActionMask = 2147483647;
			files = (
			);
			runOnlyForDeploymentPostprocessing = 0;
		};
/* End PBXFrameworksBuildPhase section */

/* Begin PBXGroup section */
		B499109B21DEE9E900C9AB8E = {
			isa = PBXGroup;
			children = (
				B49910A621DEE9EA00C9AB8E /* Coffee_helper */,
				B49910BD21DEE9EB00C9AB8E /* Coffee_helperTests */,
				B49910C821DEE9EB00C9AB8E /* Coffee_helperUITests */,
				B49910A521DEE9EA00C9AB8E /* Products */,
			);
			sourceTree = "<group>";
		};
		B49910A521DEE9EA00C9AB8E /* Products */ = {
			isa = PBXGroup;
			children = (
				B49910A421DEE9EA00C9AB8E /* Coffee_helper.app */,
				B49910BA21DEE9EB00C9AB8E /* Coffee_helperTests.xctest */,
				B49910C521DEE9EB00C9AB8E /* Coffee_helperUITests.xctest */,
			);
			name = Products;
			sourceTree = "<group>";
		};
		B49910A621DEE9EA00C9AB8E /* Coffee_helper */ = {
			isa = PBXGroup;
			children = (
				B49910A721DEE9EA00C9AB8E /* AppDelegate.swift */,
				B49910A921DEE9EA00C9AB8E /* FirstViewController.swift */,
				B49910AB21DEE9EA00C9AB8E /* SecondViewController.swift */,
				B49910D921DEF72600C9AB8E /* ThirdViewController.swift */,
				B49910DB21DEF74300C9AB8E /* FourthViewController.swift */,
				B49910AD21DEE9EA00C9AB8E /* Main.storyboard */,
				B49910B021DEE9EB00C9AB8E /* Assets.xcassets */,
				B49910B221DEE9EB00C9AB8E /* LaunchScreen.storyboard */,
				B49910B521DEE9EB00C9AB8E /* Info.plist */,
			);
			path = Coffee_helper;
			sourceTree = "<group>";
		};
		B49910BD21DEE9EB00C9AB8E /* Coffee_helperTests */ = {
			isa = PBXGroup;
			children = (
				B49910BE21DEE9EB00C9AB8E /* Coffee_helperTests.swift */,
				B49910C021DEE9EB00C9AB8E /* Info.plist */,
			);
			path = Coffee_helperTests;
			sourceTree = "<group>";
		};
		B49910C821DEE9EB00C9AB8E /* Coffee_helperUITests */ = {
			isa = PBXGroup;
			children = (
				B49910C921DEE9EB00C9AB8E /* Coffee_helperUITests.swift */,
				B49910CB21DEE9EB00C9AB8E /* Info.plist */,
			);
			path = Coffee_helperUITests;
			sourceTree = "<group>";
		};
/* End PBXGroup section */

/* Begin PBXNativeTarget section */
		B49910A321DEE9EA00C9AB8E /* Coffee_helper */ = {
			isa = PBXNativeTarget;
			buildConfigurationList = B49910CE21DEE9EB00C9AB8E /* Build configuration list for PBXNativeTarget "Coffee_helper" */;
			buildPhases = (
				B49910A021DEE9EA00C9AB8E /* Sources */,
				B49910A121DEE9EA00C9AB8E /* Frameworks */,
				B49910A221DEE9EA00C9AB8E /* Resources */,
			);
			buildRules = (
			);
			dependencies = (
			);
			name = Coffee_helper;
			productName = Coffee_helper;
			productReference = B49910A421DEE9EA00C9AB8E /* Coffee_helper.app */;
			productType = "com.apple.product-type.application";
		};
		B49910B921DEE9EB00C9AB8E /* Coffee_helperTests */ = {
			isa = PBXNativeTarget;
			buildConfigurationList = B49910D121DEE9EB00C9AB8E /* Build configuration list for PBXNativeTarget "Coffee_helperTests" */;
			buildPhases = (
				B49910B621DEE9EB00C9AB8E /* Sources */,
				B49910B721DEE9EB00C9AB8E /* Frameworks */,
				B49910B821DEE9EB00C9AB8E /* Resources */,
			);
			buildRules = (
			);
			dependencies = (
				B49910BC21DEE9EB00C9AB8E /* PBXTargetDependency */,
			);
			name = Coffee_helperTests;
			productName = Coffee_helperTests;
			productReference = B49910BA21DEE9EB00C9AB8E /* Coffee_helperTests.xctest */;
			productType = "com.apple.product-type.bundle.unit-test";
		};
		B49910C421DEE9EB00C9AB8E /* Coffee_helperUITests */ = {
			isa = PBXNativeTarget;
			buildConfigurationList = B49910D421DEE9EB00C9AB8E /* Build configuration list for PBXNativeTarget "Coffee_helperUITests" */;
			buildPhases = (
				B49910C121DEE9EB00C9AB8E /* Sources */,
				B49910C221DEE9EB00C9AB8E /* Frameworks */,
				B49910C321DEE9EB00C9AB8E /* Resources */,
			);
			buildRules = (
			);
			dependencies = (
				B49910C721DEE9EB00C9AB8E /* PBXTargetDependency */,
			);
			name = Coffee_helperUITests;
			productName = Coffee_helperUITests;
			productReference = B49910C521DEE9EB00C9AB8E /* Coffee_helperUITests.xctest */;
			productType = "com.apple.product-type.bundle.ui-testing";
		};
/* End PBXNativeTarget section */

/* Begin PBXProject section */
		B499109C21DEE9E900C9AB8E /* Project object */ = {
			isa = PBXProject;
			attributes = {
				LastSwiftUpdateCheck = 1010;
				LastUpgradeCheck = 1010;
				ORGANIZATIONNAME = "Eugene Teu Chu Wei";
				TargetAttributes = {
					B49910A321DEE9EA00C9AB8E = {
						CreatedOnToolsVersion = 10.1;
					};
					B49910B921DEE9EB00C9AB8E = {
						CreatedOnToolsVersion = 10.1;
						TestTargetID = B49910A321DEE9EA00C9AB8E;
					};
					B49910C421DEE9EB00C9AB8E = {
						CreatedOnToolsVersion = 10.1;
						TestTargetID = B49910A321DEE9EA00C9AB8E;
					};
				};
			};
			buildConfigurationList = B499109F21DEE9E900C9AB8E /* Build configuration list for PBXProject "Coffee_helper" */;
			compatibilityVersion = "Xcode 9.3";
			developmentRegion = en;
			hasScannedForEncodings = 0;
			knownRegions = (
				en,
				Base,
			);
			mainGroup = B499109B21DEE9E900C9AB8E;
			productRefGroup = B49910A521DEE9EA00C9AB8E /* Products */;
			projectDirPath = "";
			projectRoot = "";
			targets = (
				B49910A321DEE9EA00C9AB8E /* Coffee_helper */,
				B49910B921DEE9EB00C9AB8E /* Coffee_helperTests */,
				B49910C421DEE9EB00C9AB8E /* Coffee_helperUITests */,
			);
		};
/* End PBXProject section */

/* Begin PBXResourcesBuildPhase section */
		B49910A221DEE9EA00C9AB8E /* Resources */ = {
			isa = PBXResourcesBuildPhase;
			buildActionMask = 2147483647;
			files = (
				B49910B421DEE9EB00C9AB8E /* LaunchScreen.storyboard in Resources */,
				B49910B121DEE9EB00C9AB8E /* Assets.xcassets in Resources */,
				B49910AF21DEE9EA00C9AB8E /* Main.storyboard in Resources */,
			);
			runOnlyForDeploymentPostprocessing = 0;
		};
		B49910B821DEE9EB00C9AB8E /* Resources */ = {
			isa = PBXResourcesBuildPhase;
			buildActionMask = 2147483647;
			files = (
			);
			runOnlyForDeploymentPostprocessing = 0;
		};
		B49910C321DEE9EB00C9AB8E /* Resources */ = {
			isa = PBXResourcesBuildPhase;
			buildActionMask = 2147483647;
			files = (
			);
			runOnlyForDeploymentPostprocessing = 0;
		};
/* End PBXResourcesBuildPhase section */

/* Begin PBXSourcesBuildPhase section */
		B49910A021DEE9EA00C9AB8E /* Sources */ = {
			isa = PBXSourcesBuildPhase;
			buildActionMask = 2147483647;
			files = (
				B49910AC21DEE9EA00C9AB8E /* SecondViewController.swift in Sources */,
				B49910A821DEE9EA00C9AB8E /* AppDelegate.swift in Sources */,
				B49910DA21DEF72600C9AB8E /* ThirdViewController.swift in Sources */,
				B49910AA21DEE9EA00C9AB8E /* FirstViewController.swift in Sources */,
				B49910DC21DEF74300C9AB8E /* FourthViewController.swift in Sources */,
			);
			runOnlyForDeploymentPostprocessing = 0;
		};
		B49910B621DEE9EB00C9AB8E /* Sources */ = {
			isa = PBXSourcesBuildPhase;
			buildActionMask = 2147483647;
			files = (
				B49910BF21DEE9EB00C9AB8E /* Coffee_helperTests.swift in Sources */,
			);
			runOnlyForDeploymentPostprocessing = 0;
		};
		B49910C121DEE9EB00C9AB8E /* Sources */ = {
			isa = PBXSourcesBuildPhase;
			buildActionMask = 2147483647;
			files = (
				B49910CA21DEE9EB00C9AB8E /* Coffee_helperUITests.swift in Sources */,
			);
			runOnlyForDeploymentPostprocessing = 0;
		};
/* End PBXSourcesBuildPhase section */

/* Begin PBXTargetDependency section */
		B49910BC21DEE9EB00C9AB8E /* PBXTargetDependency */ = {
			isa = PBXTargetDependency;
			target = B49910A321DEE9EA00C9AB8E /* Coffee_helper */;
			targetProxy = B49910BB21DEE9EB00C9AB8E /* PBXContainerItemProxy */;
		};
		B49910C721DEE9EB00C9AB8E /* PBXTargetDependency */ = {
			isa = PBXTargetDependency;
			target = B49910A321DEE9EA00C9AB8E /* Coffee_helper */;
			targetProxy = B49910C621DEE9EB00C9AB8E /* PBXContainerItemProxy */;
		};
/* End PBXTargetDependency section */

/* Begin PBXVariantGroup section */
		B49910AD21DEE9EA00C9AB8E /* Main.storyboard */ = {
			isa = PBXVariantGroup;
			children = (
				B49910AE21DEE9EA00C9AB8E /* Base */,
			);
			name = Main.storyboard;
			sourceTree = "<group>";
		};
		B49910B221DEE9EB00C9AB8E /* LaunchScreen.storyboard */ = {
			isa = PBXVariantGroup;
			children = (
				B49910B321DEE9EB00C9AB8E /* Base */,
			);
			name = LaunchScreen.storyboard;
			sourceTree = "<group>";
		};
/* End PBXVariantGroup section */

/* Begin XCBuildConfiguration section */
		B49910CC21DEE9EB00C9AB8E /* Debug */ = {
			isa = XCBuildConfiguration;
			buildSettings = {
				ALWAYS_SEARCH_USER_PATHS = NO;
				CLANG_ANALYZER_NONNULL = YES;
				CLANG_ANALYZER_NUMBER_OBJECT_CONVERSION = YES_AGGRESSIVE;
				CLANG_CXX_LANGUAGE_STANDARD = "gnu++14";
				CLANG_CXX_LIBRARY = "libc++";
				CLANG_ENABLE_MODULES = YES;
				CLANG_ENABLE_OBJC_ARC = YES;
				CLANG_ENABLE_OBJC_WEAK = YES;
				CLANG_WARN_BLOCK_CAPTURE_AUTORELEASING = YES;
				CLANG_WARN_BOOL_CONVERSION = YES;
				CLANG_WARN_COMMA = YES;
				CLANG_WARN_CONSTANT_CONVERSION = YES;
				CLANG_WARN_DEPRECATED_OBJC_IMPLEMENTATIONS = YES;
				CLANG_WARN_DIRECT_OBJC_ISA_USAGE = YES_ERROR;
				CLANG_WARN_DOCUMENTATION_COMMENTS = YES;
				CLANG_WARN_EMPTY_BODY = YES;
				CLANG_WARN_ENUM_CONVERSION = YES;
				CLANG_WARN_INFINITE_RECURSION = YES;
				CLANG_WARN_INT_CONVERSION = YES;
				CLANG_WARN_NON_LITERAL_NULL_CONVERSION = YES;
				CLANG_WARN_OBJC_IMPLICIT_RETAIN_SELF = YES;
				CLANG_WARN_OBJC_LITERAL_CONVERSION = YES;
				CLANG_WARN_OBJC_ROOT_CLASS = YES_ERROR;
				CLANG_WARN_RANGE_LOOP_ANALYSIS = YES;
				CLANG_WARN_STRICT_PROTOTYPES = YES;
				CLANG_WARN_SUSPICIOUS_MOVE = YES;
				CLANG_WARN_UNGUARDED_AVAILABILITY = YES_AGGRESSIVE;
				CLANG_WARN_UNREACHABLE_CODE = YES;
				CLANG_WARN__DUPLICATE_METHOD_MATCH = YES;
				CODE_SIGN_IDENTITY = "iPhone Developer";
				COPY_PHASE_STRIP = NO;
				DEBUG_INFORMATION_FORMAT = dwarf;
				ENABLE_STRICT_OBJC_MSGSEND = YES;
				ENABLE_TESTABILITY = YES;
				GCC_C_LANGUAGE_STANDARD = gnu11;
				GCC_DYNAMIC_NO_PIC = NO;
				GCC_NO_COMMON_BLOCKS = YES;
				GCC_OPTIMIZATION_LEVEL = 0;
				GCC_PREPROCESSOR_DEFINITIONS = (
					"DEBUG=1",
					"$(inherited)",
				);
				GCC_WARN_64_TO_32_BIT_CONVERSION = YES;
				GCC_WARN_ABOUT_RETURN_TYPE = YES_ERROR;
				GCC_WARN_UNDECLARED_SELECTOR = YES;
				GCC_WARN_UNINITIALIZED_AUTOS = YES_AGGRESSIVE;
				GCC_WARN_UNUSED_FUNCTION = YES;
				GCC_WARN_UNUSED_VARIABLE = YES;
				IPHONEOS_DEPLOYMENT_TARGET = 12.1;
				MTL_ENABLE_DEBUG_INFO = INCLUDE_SOURCE;
				MTL_FAST_MATH = YES;
				ONLY_ACTIVE_ARCH = YES;
				SDKROOT = iphoneos;
				SWIFT_ACTIVE_COMPILATION_CONDITIONS = DEBUG;
				SWIFT_OPTIMIZATION_LEVEL = "-Onone";
			};
			name = Debug;
		};
		B49910CD21DEE9EB00C9AB8E /* Release */ = {
			isa = XCBuildConfiguration;
			buildSettings = {
				ALWAYS_SEARCH_USER_PATHS = NO;
				CLANG_ANALYZER_NONNULL = YES;
				CLANG_ANALYZER_NUMBER_OBJECT_CONVERSION = YES_AGGRESSIVE;
				CLANG_CXX_LANGUAGE_STANDARD = "gnu++14";
				CLANG_CXX_LIBRARY = "libc++";
				CLANG_ENABLE_MODULES = YES;
				CLANG_ENABLE_OBJC_ARC = YES;
				CLANG_ENABLE_OBJC_WEAK = YES;
				CLANG_WARN_BLOCK_CAPTURE_AUTORELEASING = YES;
				CLANG_WARN_BOOL_CONVERSION = YES;
				CLANG_WARN_COMMA = YES;
				CLANG_WARN_CONSTANT_CONVERSION = YES;
				CLANG_WARN_DEPRECATED_OBJC_IMPLEMENTATIONS = YES;
				CLANG_WARN_DIRECT_OBJC_ISA_USAGE = YES_ERROR;
				CLANG_WARN_DOCUMENTATION_COMMENTS = YES;
				CLANG_WARN_EMPTY_BODY = YES;
				CLANG_WARN_ENUM_CONVERSION = YES;
				CLANG_WARN_INFINITE_RECURSION = YES;
				CLANG_WARN_INT_CONVERSION = YES;
				CLANG_WARN_NON_LITERAL_NULL_CONVERSION = YES;
				CLANG_WARN_OBJC_IMPLICIT_RETAIN_SELF = YES;
				CLANG_WARN_OBJC_LITERAL_CONVERSION = YES;
				CLANG_WARN_OBJC_ROOT_CLASS = YES_ERROR;
				CLANG_WARN_RANGE_LOOP_ANALYSIS = YES;
				CLANG_WARN_STRICT_PROTOTYPES = YES;
				CLANG_WARN_SUSPICIOUS_MOVE = YES;
				CLANG_WARN_UNGUARDED_AVAILABILITY = YES_AGGRESSIVE;
				CLANG_WARN_UNREACHABLE_CODE = YES;
				CLANG_WARN__DUPLICATE_METHOD_MATCH = YES;
				CODE_SIGN_IDENTITY = "iPhone Developer";
				COPY_PHASE_STRIP = NO;
				DEBUG_INFORMATION_FORMAT = "dwarf-with-dsym";
				ENABLE_NS_ASSERTIONS = NO;
				ENABLE_STRICT_OBJC_MSGSEND = YES;
				GCC_C_LANGUAGE_STANDARD = gnu11;
				GCC_NO_COMMON_BLOCKS = YES;
				GCC_WARN_64_TO_32_BIT_CONVERSION = YES;
				GCC_WARN_ABOUT_RETURN_TYPE = YES_ERROR;
				GCC_WARN_UNDECLARED_SELECTOR = YES;
				GCC_WARN_UNINITIALIZED_AUTOS = YES_AGGRESSIVE;
				GCC_WARN_UNUSED_FUNCTION = YES;
				GCC_WARN_UNUSED_VARIABLE = YES;
				IPHONEOS_DEPLOYMENT_TARGET = 12.1;
				MTL_ENABLE_DEBUG_INFO = NO;
				MTL_FAST_MATH = YES;
				SDKROOT = iphoneos;
				SWIFT_COMPILATION_MODE = wholemodule;
				SWIFT_OPTIMIZATION_LEVEL = "-O";
				VALIDATE_PRODUCT = YES;
			};
			name = Release;
		};
		B49910CF21DEE9EB00C9AB8E /* Debug */ = {
			isa = XCBuildConfiguration;
			buildSettings = {
				ASSETCATALOG_COMPILER_APPICON_NAME = AppIcon;
				CODE_SIGN_STYLE = Automatic;
				INFOPLIST_FILE = Coffee_helper/Info.plist;
				LD_RUNPATH_SEARCH_PATHS = (
					"$(inherited)",
					"@executable_path/Frameworks",
				);
				PRODUCT_BUNDLE_IDENTIFIER = "personal.Coffee-helper";
				PRODUCT_NAME = "$(TARGET_NAME)";
				SWIFT_VERSION = 4.2;
				TARGETED_DEVICE_FAMILY = "1,2";
			};
			name = Debug;
		};
		B49910D021DEE9EB00C9AB8E /* Release */ = {
			isa = XCBuildConfiguration;
			buildSettings = {
				ASSETCATALOG_COMPILER_APPICON_NAME = AppIcon;
				CODE_SIGN_STYLE = Automatic;
				INFOPLIST_FILE = Coffee_helper/Info.plist;
				LD_RUNPATH_SEARCH_PATHS = (
					"$(inherited)",
					"@executable_path/Frameworks",
				);
				PRODUCT_BUNDLE_IDENTIFIER = "personal.Coffee-helper";
				PRODUCT_NAME = "$(TARGET_NAME)";
				SWIFT_VERSION = 4.2;
				TARGETED_DEVICE_FAMILY = "1,2";
			};
			name = Release;
		};
		B49910D221DEE9EB00C9AB8E /* Debug */ = {
			isa = XCBuildConfiguration;
			buildSettings = {
				ALWAYS_EMBED_SWIFT_STANDARD_LIBRARIES = YES;
				BUNDLE_LOADER = "$(TEST_HOST)";
				CODE_SIGN_STYLE = Automatic;
				INFOPLIST_FILE = Coffee_helperTests/Info.plist;
				LD_RUNPATH_SEARCH_PATHS = (
					"$(inherited)",
					"@executable_path/Frameworks",
					"@loader_path/Frameworks",
				);
				PRODUCT_BUNDLE_IDENTIFIER = "personal.Coffee-helperTests";
				PRODUCT_NAME = "$(TARGET_NAME)";
				SWIFT_VERSION = 4.2;
				TARGETED_DEVICE_FAMILY = "1,2";
				TEST_HOST = "$(BUILT_PRODUCTS_DIR)/Coffee_helper.app/Coffee_helper";
			};
			name = Debug;
		};
		B49910D321DEE9EB00C9AB8E /* Release */ = {
			isa = XCBuildConfiguration;
			buildSettings = {
				ALWAYS_EMBED_SWIFT_STANDARD_LIBRARIES = YES;
				BUNDLE_LOADER = "$(TEST_HOST)";
				CODE_SIGN_STYLE = Automatic;
				INFOPLIST_FILE = Coffee_helperTests/Info.plist;
				LD_RUNPATH_SEARCH_PATHS = (
					"$(inherited)",
					"@executable_path/Frameworks",
					"@loader_path/Frameworks",
				);
				PRODUCT_BUNDLE_IDENTIFIER = "personal.Coffee-helperTests";
				PRODUCT_NAME = "$(TARGET_NAME)";
				SWIFT_VERSION = 4.2;
				TARGETED_DEVICE_FAMILY = "1,2";
				TEST_HOST = "$(BUILT_PRODUCTS_DIR)/Coffee_helper.app/Coffee_helper";
			};
			name = Release;
		};
		B49910D521DEE9EB00C9AB8E /* Debug */ = {
			isa = XCBuildConfiguration;
			buildSettings = {
				ALWAYS_EMBED_SWIFT_STANDARD_LIBRARIES = YES;
				CODE_SIGN_STYLE = Automatic;
				INFOPLIST_FILE = Coffee_helperUITests/Info.plist;
				LD_RUNPATH_SEARCH_PATHS = (
					"$(inherited)",
					"@executable_path/Frameworks",
					"@loader_path/Frameworks",
				);
				PRODUCT_BUNDLE_IDENTIFIER = "personal.Coffee-helperUITests";
				PRODUCT_NAME = "$(TARGET_NAME)";
				SWIFT_VERSION = 4.2;
				TARGETED_DEVICE_FAMILY = "1,2";
				TEST_TARGET_NAME = Coffee_helper;
			};
			name = Debug;
		};
		B49910D621DEE9EB00C9AB8E /* Release */ = {
			isa = XCBuildConfiguration;
			buildSettings = {
				ALWAYS_EMBED_SWIFT_STANDARD_LIBRARIES = YES;
				CODE_SIGN_STYLE = Automatic;
				INFOPLIST_FILE = Coffee_helperUITests/Info.plist;
				LD_RUNPATH_SEARCH_PATHS = (
					"$(inherited)",
					"@executable_path/Frameworks",
					"@loader_path/Frameworks",
				);
				PRODUCT_BUNDLE_IDENTIFIER = "personal.Coffee-helperUITests";
				PRODUCT_NAME = "$(TARGET_NAME)";
				SWIFT_VERSION = 4.2;
				TARGETED_DEVICE_FAMILY = "1,2";
				TEST_TARGET_NAME = Coffee_helper;
			};
			name = Release;
		};
/* End XCBuildConfiguration section */

/* Begin XCConfigurationList section */
		B499109F21DEE9E900C9AB8E /* Build configuration list for PBXProject "Coffee_helper" */ = {
			isa = XCConfigurationList;
			buildConfigurations = (
				B49910CC21DEE9EB00C9AB8E /* Debug */,
				B49910CD21DEE9EB00C9AB8E /* Release */,
			);
			defaultConfigurationIsVisible = 0;
			defaultConfigurationName = Release;
		};
		B49910CE21DEE9EB00C9AB8E /* Build configuration list for PBXNativeTarget "Coffee_helper" */ = {
			isa = XCConfigurationList;
			buildConfigurations = (
				B49910CF21DEE9EB00C9AB8E /* Debug */,
				B49910D021DEE9EB00C9AB8E /* Release */,
			);
			defaultConfigurationIsVisible = 0;
			defaultConfigurationName = Release;
		};
		B49910D121DEE9EB00C9AB8E /* Build configuration list for PBXNativeTarget "Coffee_helperTests" */ = {
			isa = XCConfigurationList;
			buildConfigurations = (
				B49910D221DEE9EB00C9AB8E /* Debug */,
				B49910D321DEE9EB00C9AB8E /* Release */,
			);
			defaultConfigurationIsVisible = 0;
			defaultConfigurationName = Release;
		};
		B49910D421DEE9EB00C9AB8E /* Build configuration list for PBXNativeTarget "Coffee_helperUITests" */ = {
			isa = XCConfigurationList;
			buildConfigurations = (
				B49910D521DEE9EB00C9AB8E /* Debug */,
				B49910D621DEE9EB00C9AB8E /* Release */,
			);
			defaultConfigurationIsVisible = 0;
			defaultConfigurationName = Release;
		};
/* End XCConfigurationList section */
	};
	rootObject = B499109C21DEE9E900C9AB8E /* Project object */;
}
